
Microsoft Visual Studio Solution File, Format Version 11.00
# Visual Studio 2010
Project("{8BC9CEB8-8B4A-11D0-8D11-00A0C91BC942}") = "TANKS_V_2", "TANKS_V_2\TANKS_V_2.vcxproj", "{68873982-76AF-4EE4-9FFE-99F709E1ED47}"
EndProject
Global
	GlobalSection(SolutionConfigurationPlatforms) = preSolution
		Debug|Win32 = Debug|Win32
		Release|Win32 = Release|Win32
	EndGlobalSection
	GlobalSection(ProjectConfigurationPlatforms) = postSolution
		{68873982-76AF-4EE4-9FFE-99F709E1ED47}.Debug|Win32.ActiveCfg = Debug|Win32
		{68873982-76AF-4EE4-9FFE-99F709E1ED47}.Debug|Win32.Build.0 = Debug|Win32
		{68873982-76AF-4EE4-9FFE-99F709E1ED47}.Release|Win32.ActiveCfg = Release|Win32
		{68873982-76AF-4EE4-9FFE-99F709E1ED47}.Release|Win32.Build.0 = Release|Win32
	EndGlobalSection
	GlobalSection(SolutionProperties) = preSolution
		HideSolutionNode = FALSE
	EndGlobalSection
EndGlobal
